<?xml version="1.0" encoding="UTF-8" standalone="yes" ?>
<CodeBlocks_project_file>
	<FileVersion major="1" minor="6" />
	<Project>
		<Option title="Allegro" />
		<Option pch_mode="2" />
		<Option compiler="gcc" />
		<Build>
			<Target title="Debug">
				<Option output="bin/Debug/Allegro" prefix_auto="1" extension_auto="1" />
				<Option object_output="obj/Debug/" />
				<Option type="1" />
				<Option compiler="gcc" />
				<Compiler>
					<Add option="-g" />
				</Compiler>
				<Linker>
					<Add library="../../../../../Program Files (x86)/CodeBlocks/allegro5/lib/liballegro-5.0.10-monolith-mt-debug.a" />
					<Add library="../../../../../Program Files (x86)/CodeBlocks/allegro5/lib/liballegro_acodec-5.0.10-md.a" />
					<Add library="../../../../../Program Files (x86)/CodeBlocks/allegro5/lib/liballegro_acodec-5.0.10-md-debug.a" />
					<Add library="../../../../../Program Files (x86)/CodeBlocks/allegro5/lib/liballegro_acodec-5.0.10-mt.a" />
					<Add library="../../../../../Program Files (x86)/CodeBlocks/allegro5/lib/liballegro_acodec-5.0.10-mt-debug.a" />
					<Add library="../../../../../Program Files (x86)/CodeBlocks/allegro5/lib/liballegro_acodec-5.0.10-static-md.a" />
					<Add library="../../../../../Program Files (x86)/CodeBlocks/allegro5/lib/liballegro_acodec-5.0.10-static-md-debug.a" />
					<Add library="../../../../../Program Files (x86)/CodeBlocks/allegro5/lib/liballegro_acodec-5.0.10-static-mt.a" />
					<Add library="../../../../../Program Files (x86)/CodeBlocks/allegro5/lib/liballegro_acodec-5.0.10-static-mt-debug.a" />
					<Add library="../../../../../Program Files (x86)/CodeBlocks/allegro5/lib/liballegro_audio-5.0.10-md.a" />
					<Add library="../../../../../Program Files (x86)/CodeBlocks/allegro5/lib/liballegro_audio-5.0.10-md-debug.a" />
					<Add library="../../../../../Program Files (x86)/CodeBlocks/allegro5/lib/liballegro_audio-5.0.10-mt.a" />
					<Add library="../../../../../Program Files (x86)/CodeBlocks/allegro5/lib/liballegro_audio-5.0.10-mt-debug.a" />
					<Add library="../../../../../Program Files (x86)/CodeBlocks/allegro5/lib/liballegro_audio-5.0.10-static-md.a" />
					<Add library="../../../../../Program Files (x86)/CodeBlocks/allegro5/lib/liballegro_audio-5.0.10-static-md-debug.a" />
					<Add library="../../../../../Program Files (x86)/CodeBlocks/allegro5/lib/liballegro_audio-5.0.10-static-mt.a" />
					<Add library="../../../../../Program Files (x86)/CodeBlocks/allegro5/lib/liballegro_audio-5.0.10-static-mt-debug.a" />
					<Add library="../../../../../Program Files (x86)/CodeBlocks/allegro5/lib/liballegro_color-5.0.10-md.a" />
					<Add library="../../../../../Program Files (x86)/CodeBlocks/allegro5/lib/liballegro_color-5.0.10-md-debug.a" />
					<Add library="../../../../../Program Files (x86)/CodeBlocks/allegro5/lib/liballegro_color-5.0.10-mt.a" />
					<Add library="../../../../../Program Files (x86)/CodeBlocks/allegro5/lib/liballegro_color-5.0.10-mt-debug.a" />
					<Add library="../../../../../Program Files (x86)/CodeBlocks/allegro5/lib/liballegro_color-5.0.10-static-md.a" />
					<Add library="../../../../../Program Files (x86)/CodeBlocks/allegro5/lib/liballegro_color-5.0.10-static-md-debug.a" />
					<Add library="../../../../../Program Files (x86)/CodeBlocks/allegro5/lib/liballegro_color-5.0.10-static-mt.a" />
					<Add library="../../../../../Program Files (x86)/CodeBlocks/allegro5/lib/liballegro_color-5.0.10-static-mt-debug.a" />
					<Add library="../../../../../Program Files (x86)/CodeBlocks/allegro5/lib/liballegro_dialog-5.0.10-md.a" />
					<Add library="../../../../../Program Files (x86)/CodeBlocks/allegro5/lib/liballegro_dialog-5.0.10-md-debug.a" />
					<Add library="../../../../../Program Files (x86)/CodeBlocks/allegro5/lib/liballegro_dialog-5.0.10-mt.a" />
					<Add library="../../../../../Program Files (x86)/CodeBlocks/allegro5/lib/liballegro_dialog-5.0.10-mt-debug.a" />
					<Add library="../../../../../Program Files (x86)/CodeBlocks/allegro5/lib/liballegro_dialog-5.0.10-static-md.a" />
					<Add library="../../../../../Program Files (x86)/CodeBlocks/allegro5/lib/liballegro_dialog-5.0.10-static-md-debug.a" />
					<Add library="../../../../../Program Files (x86)/CodeBlocks/allegro5/lib/liballegro_dialog-5.0.10-static-mt.a" />
					<Add library="../../../../../Program Files (x86)/CodeBlocks/allegro5/lib/liballegro_dialog-5.0.10-static-mt-debug.a" />
					<Add library="../../../../../Program Files (x86)/CodeBlocks/allegro5/lib/liballegro_font-5.0.10-md.a" />
					<Add library="../../../../../Program Files (x86)/CodeBlocks/allegro5/lib/liballegro_font-5.0.10-md-debug.a" />
					<Add library="../../../../../Program Files (x86)/CodeBlocks/allegro5/lib/liballegro_font-5.0.10-mt.a" />
					<Add library="../../../../../Program Files (x86)/CodeBlocks/allegro5/lib/liballegro_font-5.0.10-mt-debug.a" />
					<Add library="../../../../../Program Files (x86)/CodeBlocks/allegro5/lib/liballegro_font-5.0.10-static-md.a" />
					<Add library="../../../../../Program Files (x86)/CodeBlocks/allegro5/lib/liballegro_font-5.0.10-static-md-debug.a" />
					<Add library="../../../../../Program Files (x86)/CodeBlocks/allegro5/lib/liballegro_font-5.0.10-static-mt.a" />
					<Add library="../../../../../Program Files (x86)/CodeBlocks/allegro5/lib/liballegro_font-5.0.10-static-mt-debug.a" />
					<Add library="../../../../../Program Files (x86)/CodeBlocks/allegro5/lib/liballegro_image-5.0.10-md.a" />
					<Add library="../../../../../Program Files (x86)/CodeBlocks/allegro5/lib/liballegro_image-5.0.10-md-debug.a" />
					<Add library="../../../../../Program Files (x86)/CodeBlocks/allegro5/lib/liballegro_image-5.0.10-mt.a" />
					<Add library="../../../../../Program Files (x86)/CodeBlocks/allegro5/lib/liballegro_image-5.0.10-mt-debug.a" />
					<Add library="../../../../../Program Files (x86)/CodeBlocks/allegro5/lib/liballegro_image-5.0.10-static-md.a" />
					<Add library="../../../../../Program Files (x86)/CodeBlocks/allegro5/lib/liballegro_image-5.0.10-static-md-debug.a" />
					<Add library="../../../../../Program Files (x86)/CodeBlocks/allegro5/lib/liballegro_image-5.0.10-static-mt.a" />
					<Add library="../../../../../Program Files (x86)/CodeBlocks/allegro5/lib/liballegro_image-5.0.10-static-mt-debug.a" />
					<Add library="../../../../../Program Files (x86)/CodeBlocks/allegro5/lib/liballegro_memfile-5.0.10-md.a" />
					<Add library="../../../../../Program Files (x86)/CodeBlocks/allegro5/lib/liballegro_memfile-5.0.10-md-debug.a" />
					<Add library="../../../../../Program Files (x86)/CodeBlocks/allegro5/lib/liballegro_memfile-5.0.10-mt.a" />
					<Add library="../../../../../Program Files (x86)/CodeBlocks/allegro5/lib/liballegro_memfile-5.0.10-mt-debug.a" />
					<Add library="../../../../../Program Files (x86)/CodeBlocks/allegro5/lib/liballegro_memfile-5.0.10-static-md.a" />
					<Add library="../../../../../Program Files (x86)/CodeBlocks/allegro5/lib/liballegro_memfile-5.0.10-static-md-debug.a" />
					<Add library="../../../../../Program Files (x86)/CodeBlocks/allegro5/lib/liballegro_memfile-5.0.10-static-mt.a" />
					<Add library="../../../../../Program Files (x86)/CodeBlocks/allegro5/lib/liballegro_memfile-5.0.10-static-mt-debug.a" />
					<Add library="../../../../../Program Files (x86)/CodeBlocks/allegro5/lib/liballegro_physfs-5.0.10-md.a" />
					<Add library="../../../../../Program Files (x86)/CodeBlocks/allegro5/lib/liballegro_physfs-5.0.10-md-debug.a" />
					<Add library="../../../../../Program Files (x86)/CodeBlocks/allegro5/lib/liballegro_physfs-5.0.10-mt.a" />
					<Add library="../../../../../Program Files (x86)/CodeBlocks/allegro5/lib/liballegro_physfs-5.0.10-mt-debug.a" />
					<Add library="../../../../../Program Files (x86)/CodeBlocks/allegro5/lib/liballegro_physfs-5.0.10-static-md.a" />
					<Add library="../../../../../Program Files (x86)/CodeBlocks/allegro5/lib/liballegro_physfs-5.0.10-static-md-debug.a" />
					<Add library="../../../../../Program Files (x86)/CodeBlocks/allegro5/lib/liballegro_physfs-5.0.10-static-mt.a" />
					<Add library="../../../../../Program Files (x86)/CodeBlocks/allegro5/lib/liballegro_physfs-5.0.10-static-mt-debug.a" />
					<Add library="../../../../../Program Files (x86)/CodeBlocks/allegro5/lib/liballegro_primitives-5.0.10-md.a" />
					<Add library="../../../../../Program Files (x86)/CodeBlocks/allegro5/lib/liballegro_primitives-5.0.10-md-debug.a" />
					<Add library="../../../../../Program Files (x86)/CodeBlocks/allegro5/lib/liballegro_primitives-5.0.10-mt.a" />
					<Add library="../../../../../Program Files (x86)/CodeBlocks/allegro5/lib/liballegro_primitives-5.0.10-mt-debug.a" />
					<Add library="../../../../../Program Files (x86)/CodeBlocks/allegro5/lib/liballegro_primitives-5.0.10-static-md.a" />
					<Add library="../../../../../Program Files (x86)/CodeBlocks/allegro5/lib/liballegro_primitives-5.0.10-static-md-debug.a" />
					<Add library="../../../../../Program Files (x86)/CodeBlocks/allegro5/lib/liballegro_primitives-5.0.10-static-mt.a" />
					<Add library="../../../../../Program Files (x86)/CodeBlocks/allegro5/lib/liballegro_primitives-5.0.10-static-mt-debug.a" />
					<Add library="../../../../../Program Files (x86)/CodeBlocks/allegro5/lib/liballegro_ttf-5.0.10-md.a" />
					<Add library="../../../../../Program Files (x86)/CodeBlocks/allegro5/lib/liballegro_ttf-5.0.10-md-debug.a" />
					<Add library="../../../../../Program Files (x86)/CodeBlocks/allegro5/lib/liballegro_ttf-5.0.10-mt.a" />
					<Add library="../../../../../Program Files (x86)/CodeBlocks/allegro5/lib/liballegro_ttf-5.0.10-mt-debug.a" />
					<Add library="../../../../../Program Files (x86)/CodeBlocks/allegro5/lib/liballegro_ttf-5.0.10-static-md.a" />
					<Add library="../../../../../Program Files (x86)/CodeBlocks/allegro5/lib/liballegro_ttf-5.0.10-static-md-debug.a" />
					<Add library="../../../../../Program Files (x86)/CodeBlocks/allegro5/lib/liballegro_ttf-5.0.10-static-mt.a" />
					<Add library="../../../../../Program Files (x86)/CodeBlocks/allegro5/lib/liballegro_ttf-5.0.10-static-mt-debug.a" />
					<Add library="../../../../../Program Files (x86)/CodeBlocks/allegro5/lib/liballegro-5.0.10-md.a" />
					<Add library="../../../../../Program Files (x86)/CodeBlocks/allegro5/lib/liballegro-5.0.10-md-debug.a" />
					<Add library="../../../../../Program Files (x86)/CodeBlocks/allegro5/lib/liballegro-5.0.10-monolith-md.a" />
					<Add library="../../../../../Program Files (x86)/CodeBlocks/allegro5/lib/liballegro-5.0.10-monolith-md-debug.a" />
					<Add library="../../../../../Program Files (x86)/CodeBlocks/allegro5/lib/liballegro-5.0.10-monolith-mt.a" />
					<Add library="../../../../../Program Files (x86)/CodeBlocks/allegro5/lib/liballegro-5.0.10-monolith-static-md.a" />
					<Add library="../../../../../Program Files (x86)/CodeBlocks/allegro5/lib/liballegro-5.0.10-monolith-static-md-debug.a" />
					<Add library="../../../../../Program Files (x86)/CodeBlocks/allegro5/lib/liballegro-5.0.10-monolith-static-mt.a" />
					<Add library="../../../../../Program Files (x86)/CodeBlocks/allegro5/lib/liballegro-5.0.10-monolith-static-mt-debug.a" />
					<Add library="../../../../../Program Files (x86)/CodeBlocks/allegro5/lib/liballegro-5.0.10-mt.a" />
					<Add library="../../../../../Program Files (x86)/CodeBlocks/allegro5/lib/liballegro-5.0.10-mt-debug.a" />
					<Add library="../../../../../Program Files (x86)/CodeBlocks/allegro5/lib/liballegro-5.0.10-static-md.a" />
					<Add library="../../../../../Program Files (x86)/CodeBlocks/allegro5/lib/liballegro-5.0.10-static-md-debug.a" />
					<Add library="../../../../../Program Files (x86)/CodeBlocks/allegro5/lib/liballegro-5.0.10-static-mt.a" />
					<Add library="../../../../../Program Files (x86)/CodeBlocks/allegro5/lib/liballegro-5.0.10-static-mt-debug.a" />
					<Add library="../../../../../Program Files (x86)/CodeBlocks/allegro5/lib/libdumb-0.9.3-static-md.a" />
					<Add library="../../../../../Program Files (x86)/CodeBlocks/allegro5/lib/libdumb-0.9.3-static-md-debug.a" />
					<Add library="../../../../../Program Files (x86)/CodeBlocks/allegro5/lib/libdumb-0.9.3-static-mt.a" />
					<Add library="../../../../../Program Files (x86)/CodeBlocks/allegro5/lib/libdumb-0.9.3-static-mt-debug.a" />
					<Add library="../../../../../Program Files (x86)/CodeBlocks/allegro5/lib/libFLAC-1.2.1-static-md.a" />
					<Add library="../../../../../Program Files (x86)/CodeBlocks/allegro5/lib/libFLAC-1.2.1-static-md-debug.a" />
					<Add library="../../../../../Program Files (x86)/CodeBlocks/allegro5/lib/libFLAC-1.2.1-static-mt.a" />
					<Add library="../../../../../Program Files (x86)/CodeBlocks/allegro5/lib/libFLAC-1.2.1-static-mt-debug.a" />
					<Add library="../../../../../Program Files (x86)/CodeBlocks/allegro5/lib/libfreetype-2.4.8-static-md.a" />
					<Add library="../../../../../Program Files (x86)/CodeBlocks/allegro5/lib/libfreetype-2.4.8-static-md-debug.a" />
					<Add library="../../../../../Program Files (x86)/CodeBlocks/allegro5/lib/libfreetype-2.4.8-static-mt.a" />
					<Add library="../../../../../Program Files (x86)/CodeBlocks/allegro5/lib/libfreetype-2.4.8-static-mt-debug.a" />
					<Add library="../../../../../Program Files (x86)/CodeBlocks/allegro5/lib/libogg-1.2.1-static-md.a" />
					<Add library="../../../../../Program Files (x86)/CodeBlocks/allegro5/lib/libogg-1.2.1-static-md-debug.a" />
					<Add library="../../../../../Program Files (x86)/CodeBlocks/allegro5/lib/libogg-1.2.1-static-mt.a" />
					<Add library="../../../../../Program Files (x86)/CodeBlocks/allegro5/lib/libogg-1.2.1-static-mt-debug.a" />
					<Add library="../../../../../Program Files (x86)/CodeBlocks/allegro5/lib/libopenal-1.14-static-md.a" />
					<Add library="../../../../../Program Files (x86)/CodeBlocks/allegro5/lib/libopenal-1.14-static-md-debug.a" />
					<Add library="../../../../../Program Files (x86)/CodeBlocks/allegro5/lib/libopenal-1.14-static-mt.a" />
					<Add library="../../../../../Program Files (x86)/CodeBlocks/allegro5/lib/libopenal-1.14-static-mt-debug.a" />
					<Add library="../../../../../Program Files (x86)/CodeBlocks/allegro5/lib/libvorbis-1.3.2-static-md.a" />
					<Add library="../../../../../Program Files (x86)/CodeBlocks/allegro5/lib/libvorbis-1.3.2-static-md-debug.a" />
					<Add library="../../../../../Program Files (x86)/CodeBlocks/allegro5/lib/libvorbis-1.3.2-static-mt.a" />
					<Add library="../../../../../Program Files (x86)/CodeBlocks/allegro5/lib/libvorbis-1.3.2-static-mt-debug.a" />
					<Add library="../../../../../Program Files (x86)/CodeBlocks/allegro5/lib/libvorbisfile-1.3.2-static-md.a" />
					<Add library="../../../../../Program Files (x86)/CodeBlocks/allegro5/lib/libvorbisfile-1.3.2-static-md-debug.a" />
					<Add library="../../../../../Program Files (x86)/CodeBlocks/allegro5/lib/libvorbisfile-1.3.2-static-mt.a" />
					<Add library="../../../../../Program Files (x86)/CodeBlocks/allegro5/lib/libvorbisfile-1.3.2-static-mt-debug.a" />
					<Add library="../../../../../Program Files (x86)/CodeBlocks/allegro5/lib/libzlib-1.2.5-static-md.a" />
					<Add library="../../../../../Program Files (x86)/CodeBlocks/allegro5/lib/libzlib-1.2.5-static-md-debug.a" />
					<Add library="../../../../../Program Files (x86)/CodeBlocks/allegro5/lib/libzlib-1.2.5-static-mt.a" />
					<Add library="../../../../../Program Files (x86)/CodeBlocks/allegro5/lib/libzlib-1.2.5-static-mt-debug.a" />
				</Linker>
			</Target>
			<Target title="Release">
				<Option output="bin/Release/Allegro" prefix_auto="1" extension_auto="1" />
				<Option object_output="obj/Release/" />
				<Option type="1" />
				<Option compiler="gcc" />
				<Compiler>
					<Add option="-O2" />
				</Compiler>
				<Linker>
					<Add option="-s" />
					<Add library="../../../../../Program Files (x86)/CodeBlocks/allegro5/lib/liballegro-5.0.10-monolith-mt.a" />
				</Linker>
			</Target>
		</Build>
		<Compiler>
			<Add option="-Wall" />
			<Add directory="../../../../../Program Files (x86)/CodeBlocks/allegro5/include" />
		</Compiler>
		<Unit filename="main.c">
			<Option compilerVar="CC" />
		</Unit>
		<Extensions>
			<code_completion />
			<envvars />
			<debugger />
			<lib_finder disable_auto="1" />
		</Extensions>
	</Project>
</CodeBlocks_project_file>
